
Microsoft Visual Studio Solution File, Format Version 12.00
# Visual Studio Version 17
VisualStudioVersion = 17.4.33205.214
MinimumVisualStudioVersion = 10.0.40219.1
Project("{FAE04EC0-301F-11D3-BF4B-00C04F79EFBC}") = "Igora", "Igora\Igora.csproj", "{1074BB2B-A552-42EA-AC6B-EB2D29374E29}"
EndProject
Global
	GlobalSection(SolutionConfigurationPlatforms) = preSolution
		Debug|Any CPU = Debug|Any CPU
		Release|Any CPU = Release|Any CPU
	EndGlobalSection
	GlobalSection(ProjectConfigurationPlatforms) = postSolution
		{1074BB2B-A552-42EA-AC6B-EB2D29374E29}.Debug|Any CPU.ActiveCfg = Debug|Any CPU
		{1074BB2B-A552-42EA-AC6B-EB2D29374E29}.Debug|Any CPU.Build.0 = Debug|Any CPU
		{1074BB2B-A552-42EA-AC6B-EB2D29374E29}.Release|Any CPU.ActiveCfg = Release|Any CPU
		{1074BB2B-A552-42EA-AC6B-EB2D29374E29}.Release|Any CPU.Build.0 = Release|Any CPU
	EndGlobalSection
	GlobalSection(SolutionProperties) = preSolution
		HideSolutionNode = FALSE
	EndGlobalSection
	GlobalSection(ExtensibilityGlobals) = postSolution
		SolutionGuid = {9FFEC93D-7DB3-4A16-B152-756BA18A82F6}
	EndGlobalSection
EndGlobal
